
Microsoft Visual Studio Solution File, Format Version 12.00
# Visual Studio Version 17
VisualStudioVersion = 17.0.31903.59
MinimumVisualStudioVersion = 10.0.40219.1
Project("{FAE04EC0-301F-11D3-BF4B-00C04F79EFBC}") = "CompanyBox.API", "CompanyBox.API\CompanyBox.API.csproj", "{8B03E6DA-BE12-4807-8B99-72D426E333CC}"
EndProject
Project("{FAE04EC0-301F-11D3-BF4B-00C04F79EFBC}") = "CompanyBox.Application", "CompanyBox.Application\CompanyBox.Application.csproj", "{0C9A4ED3-EDBF-4583-B689-AEF7389D7683}"
EndProject
Project("{FAE04EC0-301F-11D3-BF4B-00C04F79EFBC}") = "CompanyBox.Domain", "CompanyBox.Domain\CompanyBox.Domain.csproj", "{3E563840-583E-4C23-8B9D-32C7F250844C}"
EndProject
Project("{FAE04EC0-301F-11D3-BF4B-00C04F79EFBC}") = "CompanyBox.Infrastructure", "CompanyBox.Infrastructure\CompanyBox.Infrastructure.csproj", "{25CAB2B1-7AE8-4486-8BC6-4075F3875B0B}"
EndProject
Global
	GlobalSection(SolutionConfigurationPlatforms) = preSolution
		Debug|Any CPU = Debug|Any CPU
		Debug|x64 = Debug|x64
		Debug|x86 = Debug|x86
		Release|Any CPU = Release|Any CPU
		Release|x64 = Release|x64
		Release|x86 = Release|x86
	EndGlobalSection
	GlobalSection(ProjectConfigurationPlatforms) = postSolution
		{8B03E6DA-BE12-4807-8B99-72D426E333CC}.Debug|Any CPU.ActiveCfg = Debug|Any CPU
		{8B03E6DA-BE12-4807-8B99-72D426E333CC}.Debug|Any CPU.Build.0 = Debug|Any CPU
		{8B03E6DA-BE12-4807-8B99-72D426E333CC}.Debug|x64.ActiveCfg = Debug|Any CPU
		{8B03E6DA-BE12-4807-8B99-72D426E333CC}.Debug|x64.Build.0 = Debug|Any CPU
		{8B03E6DA-BE12-4807-8B99-72D426E333CC}.Debug|x86.ActiveCfg = Debug|Any CPU
		{8B03E6DA-BE12-4807-8B99-72D426E333CC}.Debug|x86.Build.0 = Debug|Any CPU
		{8B03E6DA-BE12-4807-8B99-72D426E333CC}.Release|Any CPU.ActiveCfg = Release|Any CPU
		{8B03E6DA-BE12-4807-8B99-72D426E333CC}.Release|Any CPU.Build.0 = Release|Any CPU
		{8B03E6DA-BE12-4807-8B99-72D426E333CC}.Release|x64.ActiveCfg = Release|Any CPU
		{8B03E6DA-BE12-4807-8B99-72D426E333CC}.Release|x64.Build.0 = Release|Any CPU
		{8B03E6DA-BE12-4807-8B99-72D426E333CC}.Release|x86.ActiveCfg = Release|Any CPU
		{8B03E6DA-BE12-4807-8B99-72D426E333CC}.Release|x86.Build.0 = Release|Any CPU
		{0C9A4ED3-EDBF-4583-B689-AEF7389D7683}.Debug|Any CPU.ActiveCfg = Debug|Any CPU
		{0C9A4ED3-EDBF-4583-B689-AEF7389D7683}.Debug|Any CPU.Build.0 = Debug|Any CPU
		{0C9A4ED3-EDBF-4583-B689-AEF7389D7683}.Debug|x64.ActiveCfg = Debug|Any CPU
		{0C9A4ED3-EDBF-4583-B689-AEF7389D7683}.Debug|x64.Build.0 = Debug|Any CPU
		{0C9A4ED3-EDBF-4583-B689-AEF7389D7683}.Debug|x86.ActiveCfg = Debug|Any CPU
		{0C9A4ED3-EDBF-4583-B689-AEF7389D7683}.Debug|x86.Build.0 = Debug|Any CPU
		{0C9A4ED3-EDBF-4583-B689-AEF7389D7683}.Release|Any CPU.ActiveCfg = Release|Any CPU
		{0C9A4ED3-EDBF-4583-B689-AEF7389D7683}.Release|Any CPU.Build.0 = Release|Any CPU
		{0C9A4ED3-EDBF-4583-B689-AEF7389D7683}.Release|x64.ActiveCfg = Release|Any CPU
		{0C9A4ED3-EDBF-4583-B689-AEF7389D7683}.Release|x64.Build.0 = Release|Any CPU
		{0C9A4ED3-EDBF-4583-B689-AEF7389D7683}.Release|x86.ActiveCfg = Release|Any CPU
		{0C9A4ED3-EDBF-4583-B689-AEF7389D7683}.Release|x86.Build.0 = Release|Any CPU
		{3E563840-583E-4C23-8B9D-32C7F250844C}.Debug|Any CPU.ActiveCfg = Debug|Any CPU
		{3E563840-583E-4C23-8B9D-32C7F250844C}.Debug|Any CPU.Build.0 = Debug|Any CPU
		{3E563840-583E-4C23-8B9D-32C7F250844C}.Debug|x64.ActiveCfg = Debug|Any CPU
		{3E563840-583E-4C23-8B9D-32C7F250844C}.Debug|x64.Build.0 = Debug|Any CPU
		{3E563840-583E-4C23-8B9D-32C7F250844C}.Debug|x86.ActiveCfg = Debug|Any CPU
		{3E563840-583E-4C23-8B9D-32C7F250844C}.Debug|x86.Build.0 = Debug|Any CPU
		{3E563840-583E-4C23-8B9D-32C7F250844C}.Release|Any CPU.ActiveCfg = Release|Any CPU
		{3E563840-583E-4C23-8B9D-32C7F250844C}.Release|Any CPU.Build.0 = Release|Any CPU
		{3E563840-583E-4C23-8B9D-32C7F250844C}.Release|x64.ActiveCfg = Release|Any CPU
		{3E563840-583E-4C23-8B9D-32C7F250844C}.Release|x64.Build.0 = Release|Any CPU
		{3E563840-583E-4C23-8B9D-32C7F250844C}.Release|x86.ActiveCfg = Release|Any CPU
		{3E563840-583E-4C23-8B9D-32C7F250844C}.Release|x86.Build.0 = Release|Any CPU
		{25CAB2B1-7AE8-4486-8BC6-4075F3875B0B}.Debug|Any CPU.ActiveCfg = Debug|Any CPU
		{25CAB2B1-7AE8-4486-8BC6-4075F3875B0B}.Debug|Any CPU.Build.0 = Debug|Any CPU
		{25CAB2B1-7AE8-4486-8BC6-4075F3875B0B}.Debug|x64.ActiveCfg = Debug|Any CPU
		{25CAB2B1-7AE8-4486-8BC6-4075F3875B0B}.Debug|x64.Build.0 = Debug|Any CPU
		{25CAB2B1-7AE8-4486-8BC6-4075F3875B0B}.Debug|x86.ActiveCfg = Debug|Any CPU
		{25CAB2B1-7AE8-4486-8BC6-4075F3875B0B}.Debug|x86.Build.0 = Debug|Any CPU
		{25CAB2B1-7AE8-4486-8BC6-4075F3875B0B}.Release|Any CPU.ActiveCfg = Release|Any CPU
		{25CAB2B1-7AE8-4486-8BC6-4075F3875B0B}.Release|Any CPU.Build.0 = Release|Any CPU
		{25CAB2B1-7AE8-4486-8BC6-4075F3875B0B}.Release|x64.ActiveCfg = Release|Any CPU
		{25CAB2B1-7AE8-4486-8BC6-4075F3875B0B}.Release|x64.Build.0 = Release|Any CPU
		{25CAB2B1-7AE8-4486-8BC6-4075F3875B0B}.Release|x86.ActiveCfg = Release|Any CPU
		{25CAB2B1-7AE8-4486-8BC6-4075F3875B0B}.Release|x86.Build.0 = Release|Any CPU
	EndGlobalSection
	GlobalSection(SolutionProperties) = preSolution
		HideSolutionNode = FALSE
	EndGlobalSection
EndGlobal
